
Microsoft Visual Studio Solution File, Format Version 12.00
# Visual Studio Version 16
VisualStudioVersion = 16.0.31702.278
MinimumVisualStudioVersion = 10.0.40219.1
Project("{FAE04EC0-301F-11D3-BF4B-00C04F79EFBC}") = "Day Project", "Day Project\Day Project.csproj", "{084024E1-05A9-4D9C-B25E-88525C52CD75}"
EndProject
Global
	GlobalSection(SolutionConfigurationPlatforms) = preSolution
		Debug|Any CPU = Debug|Any CPU
		Release|Any CPU = Release|Any CPU
	EndGlobalSection
	GlobalSection(ProjectConfigurationPlatforms) = postSolution
		{084024E1-05A9-4D9C-B25E-88525C52CD75}.Debug|Any CPU.ActiveCfg = Debug|Any CPU
		{084024E1-05A9-4D9C-B25E-88525C52CD75}.Debug|Any CPU.Build.0 = Debug|Any CPU
		{084024E1-05A9-4D9C-B25E-88525C52CD75}.Release|Any CPU.ActiveCfg = Release|Any CPU
		{084024E1-05A9-4D9C-B25E-88525C52CD75}.Release|Any CPU.Build.0 = Release|Any CPU
	EndGlobalSection
	GlobalSection(SolutionProperties) = preSolution
		HideSolutionNode = FALSE
	EndGlobalSection
	GlobalSection(ExtensibilityGlobals) = postSolution
		SolutionGuid = {2AA24381-B95B-44B6-9793-B0E495E399D9}
	EndGlobalSection
EndGlobal
